
Microsoft Visual Studio Solution File, Format Version 12.00
# Visual Studio Version 16
VisualStudioVersion = 16.0.29411.108
MinimumVisualStudioVersion = 10.0.40219.1
Project("{FAE04EC0-301F-11D3-BF4B-00C04F79EFBC}") = "PhotoAPI", "PhotoAPI.csproj", "{8C6B1A6A-58A6-4F50-B3E4-35C0A05D40E0}"
EndProject
Project("{FAE04EC0-301F-11D3-BF4B-00C04F79EFBC}") = "Service", "..\Service\Service.csproj", "{924D119A-AA74-4CD2-96EB-DC3EDC4F4F5C}"
EndProject
Project("{FAE04EC0-301F-11D3-BF4B-00C04F79EFBC}") = "Repository", "..\Repository\Repository.csproj", "{84DC23E9-802B-4084-B1A9-A4EC1A72A326}"
EndProject
Project("{FAE04EC0-301F-11D3-BF4B-00C04F79EFBC}") = "Interface", "..\Interface\Interface.csproj", "{D165B627-4AAA-41F1-9D02-1898273B700C}"
EndProject
Project("{FAE04EC0-301F-11D3-BF4B-00C04F79EFBC}") = "Application", "..\Application\Application.csproj", "{C9718EA9-2BDC-4ECB-B3FB-C775579329A4}"
EndProject
Global
	GlobalSection(SolutionConfigurationPlatforms) = preSolution
		Debug|Any CPU = Debug|Any CPU
		Release|Any CPU = Release|Any CPU
	EndGlobalSection
	GlobalSection(ProjectConfigurationPlatforms) = postSolution
		{8C6B1A6A-58A6-4F50-B3E4-35C0A05D40E0}.Debug|Any CPU.ActiveCfg = Debug|Any CPU
		{8C6B1A6A-58A6-4F50-B3E4-35C0A05D40E0}.Debug|Any CPU.Build.0 = Debug|Any CPU
		{8C6B1A6A-58A6-4F50-B3E4-35C0A05D40E0}.Release|Any CPU.ActiveCfg = Release|Any CPU
		{8C6B1A6A-58A6-4F50-B3E4-35C0A05D40E0}.Release|Any CPU.Build.0 = Release|Any CPU
		{924D119A-AA74-4CD2-96EB-DC3EDC4F4F5C}.Debug|Any CPU.ActiveCfg = Debug|Any CPU
		{924D119A-AA74-4CD2-96EB-DC3EDC4F4F5C}.Debug|Any CPU.Build.0 = Debug|Any CPU
		{924D119A-AA74-4CD2-96EB-DC3EDC4F4F5C}.Release|Any CPU.ActiveCfg = Release|Any CPU
		{924D119A-AA74-4CD2-96EB-DC3EDC4F4F5C}.Release|Any CPU.Build.0 = Release|Any CPU
		{84DC23E9-802B-4084-B1A9-A4EC1A72A326}.Debug|Any CPU.ActiveCfg = Debug|Any CPU
		{84DC23E9-802B-4084-B1A9-A4EC1A72A326}.Debug|Any CPU.Build.0 = Debug|Any CPU
		{84DC23E9-802B-4084-B1A9-A4EC1A72A326}.Release|Any CPU.ActiveCfg = Release|Any CPU
		{84DC23E9-802B-4084-B1A9-A4EC1A72A326}.Release|Any CPU.Build.0 = Release|Any CPU
		{D165B627-4AAA-41F1-9D02-1898273B700C}.Debug|Any CPU.ActiveCfg = Debug|Any CPU
		{D165B627-4AAA-41F1-9D02-1898273B700C}.Debug|Any CPU.Build.0 = Debug|Any CPU
		{D165B627-4AAA-41F1-9D02-1898273B700C}.Release|Any CPU.ActiveCfg = Release|Any CPU
		{D165B627-4AAA-41F1-9D02-1898273B700C}.Release|Any CPU.Build.0 = Release|Any CPU
		{C9718EA9-2BDC-4ECB-B3FB-C775579329A4}.Debug|Any CPU.ActiveCfg = Debug|Any CPU
		{C9718EA9-2BDC-4ECB-B3FB-C775579329A4}.Debug|Any CPU.Build.0 = Debug|Any CPU
		{C9718EA9-2BDC-4ECB-B3FB-C775579329A4}.Release|Any CPU.ActiveCfg = Release|Any CPU
		{C9718EA9-2BDC-4ECB-B3FB-C775579329A4}.Release|Any CPU.Build.0 = Release|Any CPU
	EndGlobalSection
	GlobalSection(SolutionProperties) = preSolution
		HideSolutionNode = FALSE
	EndGlobalSection
	GlobalSection(ExtensibilityGlobals) = postSolution
		SolutionGuid = {E7349299-3EDC-4FB8-B0B4-3EC00CA6DAE9}
	EndGlobalSection
EndGlobal
